// !$*UTF8*$!
{
	archiveVersion = 1;
	classes = {
	};
	objectVersion = 56;
	objects = {

/* Begin PBXBuildFile section */
		AB0A4ADD2DD806F00067F535 /* ExamenApp.swift in Sources */ = {isa = PBXBuildFile; fileRef = AB0A4ADC2DD806F00067F535 /* ExamenApp.swift */; };
		AB0A4ADF2DD806F00067F535 /* ContentView.swift in Sources */ = {isa = PBXBuildFile; fileRef = AB0A4ADE2DD806F00067F535 /* ContentView.swift */; };
		AB0A4AE12DD806F10067F535 /* Assets.xcassets in Resources */ = {isa = PBXBuildFile; fileRef = AB0A4AE02DD806F10067F535 /* Assets.xcassets */; };
		AB0A4AE42DD806F10067F535 /* Preview Assets.xcassets in Resources */ = {isa = PBXBuildFile; fileRef = AB0A4AE32DD806F10067F535 /* Preview Assets.xcassets */; };
		AB0A4AEE2DD806F10067F535 /* ExamenTests.swift in Sources */ = {isa = PBXBuildFile; fileRef = AB0A4AED2DD806F10067F535 /* ExamenTests.swift */; };
		AB0A4AF82DD806F10067F535 /* ExamenUITests.swift in Sources */ = {isa = PBXBuildFile; fileRef = AB0A4AF72DD806F10067F535 /* ExamenUITests.swift */; };
		AB0A4AFA2DD806F10067F535 /* ExamenUITestsLaunchTests.swift in Sources */ = {isa = PBXBuildFile; fileRef = AB0A4AF92DD806F10067F535 /* ExamenUITestsLaunchTests.swift */; };
		AB3F62C12DD818F100050B11 /* AuthenticationServices.framework in Frameworks */ = {isa = PBXBuildFile; fileRef = AB3F62C02DD818F100050B11 /* AuthenticationServices.framework */; };
		AB3F62C42DD818F100050B11 /* AccountAuthenticationModificationViewController.swift in Sources */ = {isa = PBXBuildFile; fileRef = AB3F62C32DD818F100050B11 /* AccountAuthenticationModificationViewController.swift */; };
		AB3F62C72DD818F100050B11 /* Base in Resources */ = {isa = PBXBuildFile; fileRef = AB3F62C62DD818F100050B11 /* Base */; };
		AB3F62CB2DD818F100050B11 /* m.appex in Embed Foundation Extensions */ = {isa = PBXBuildFile; fileRef = AB3F62BE2DD818F100050B11 /* m.appex */; settings = {ATTRIBUTES = (RemoveHeadersOnCopy, ); }; };
		AB3F62D12DD8253300050B11 /* ResultadoView.swift in Sources */ = {isa = PBXBuildFile; fileRef = AB3F62D02DD8253300050B11 /* ResultadoView.swift */; };
/* End PBXBuildFile section */

/* Begin PBXContainerItemProxy section */
		AB0A4AEA2DD806F10067F535 /* PBXContainerItemProxy */ = {
			isa = PBXContainerItemProxy;
			containerPortal = AB0A4AD12DD806F00067F535 /* Project object */;
			proxyType = 1;
			remoteGlobalIDString = AB0A4AD82DD806F00067F535;
			remoteInfo = Examen;
		};
		AB0A4AF42DD806F10067F535 /* PBXContainerItemProxy */ = {
			isa = PBXContainerItemProxy;
			containerPortal = AB0A4AD12DD806F00067F535 /* Project object */;
			proxyType = 1;
			remoteGlobalIDString = AB0A4AD82DD806F00067F535;
			remoteInfo = Examen;
		};
		AB3F62C92DD818F100050B11 /* PBXContainerItemProxy */ = {
			isa = PBXContainerItemProxy;
			containerPortal = AB0A4AD12DD806F00067F535 /* Project object */;
			proxyType = 1;
			remoteGlobalIDString = AB3F62BD2DD818F100050B11;
			remoteInfo = m;
		};
/* End PBXContainerItemProxy section */

/* Begin PBXCopyFilesBuildPhase section */
		AB3F62CF2DD818F100050B11 /* Embed Foundation Extensions */ = {
			isa = PBXCopyFilesBuildPhase;
			buildActionMask = 2147483647;
			dstPath = "";
			dstSubfolderSpec = 13;
			files = (
				AB3F62CB2DD818F100050B11 /* m.appex in Embed Foundation Extensions */,
			);
			name = "Embed Foundation Extensions";
			runOnlyForDeploymentPostprocessing = 0;
		};
/* End PBXCopyFilesBuildPhase section */

/* Begin PBXFileReference section */
		AB0A4AD92DD806F00067F535 /* Examen.app */ = {isa = PBXFileReference; explicitFileType = wrapper.application; includeInIndex = 0; path = Examen.app; sourceTree = BUILT_PRODUCTS_DIR; };
		AB0A4ADC2DD806F00067F535 /* ExamenApp.swift */ = {isa = PBXFileReference; lastKnownFileType = sourcecode.swift; path = ExamenApp.swift; sourceTree = "<group>"; };
		AB0A4ADE2DD806F00067F535 /* ContentView.swift */ = {isa = PBXFileReference; lastKnownFileType = sourcecode.swift; path = ContentView.swift; sourceTree = "<group>"; };
		AB0A4AE02DD806F10067F535 /* Assets.xcassets */ = {isa = PBXFileReference; lastKnownFileType = folder.assetcatalog; path = Assets.xcassets; sourceTree = "<group>"; };
		AB0A4AE32DD806F10067F535 /* Preview Assets.xcassets */ = {isa = PBXFileReference; lastKnownFileType = folder.assetcatalog; path = "Preview Assets.xcassets"; sourceTree = "<group>"; };
		AB0A4AE92DD806F10067F535 /* ExamenTests.xctest */ = {isa = PBXFileReference; explicitFileType = wrapper.cfbundle; includeInIndex = 0; path = ExamenTests.xctest; sourceTree = BUILT_PRODUCTS_DIR; };
		AB0A4AED2DD806F10067F535 /* ExamenTests.swift */ = {isa = PBXFileReference; lastKnownFileType = sourcecode.swift; path = ExamenTests.swift; sourceTree = "<group>"; };
		AB0A4AF32DD806F10067F535 /* ExamenUITests.xctest */ = {isa = PBXFileReference; explicitFileType = wrapper.cfbundle; includeInIndex = 0; path = ExamenUITests.xctest; sourceTree = BUILT_PRODUCTS_DIR; };
		AB0A4AF72DD806F10067F535 /* ExamenUITests.swift */ = {isa = PBXFileReference; lastKnownFileType = sourcecode.swift; path = ExamenUITests.swift; sourceTree = "<group>"; };
		AB0A4AF92DD806F10067F535 /* ExamenUITestsLaunchTests.swift */ = {isa = PBXFileReference; lastKnownFileType = sourcecode.swift; path = ExamenUITestsLaunchTests.swift; sourceTree = "<group>"; };
		AB3F62BE2DD818F100050B11 /* m.appex */ = {isa = PBXFileReference; explicitFileType = "wrapper.app-extension"; includeInIndex = 0; path = m.appex; sourceTree = BUILT_PRODUCTS_DIR; };
		AB3F62C02DD818F100050B11 /* AuthenticationServices.framework */ = {isa = PBXFileReference; lastKnownFileType = wrapper.framework; name = AuthenticationServices.framework; path = System/Library/Frameworks/AuthenticationServices.framework; sourceTree = SDKROOT; };
		AB3F62C32DD818F100050B11 /* AccountAuthenticationModificationViewController.swift */ = {isa = PBXFileReference; lastKnownFileType = sourcecode.swift; path = AccountAuthenticationModificationViewController.swift; sourceTree = "<group>"; };
		AB3F62C62DD818F100050B11 /* Base */ = {isa = PBXFileReference; lastKnownFileType = file.storyboard; name = Base; path = Base.lproj/MainInterface.storyboard; sourceTree = "<group>"; };
		AB3F62C82DD818F100050B11 /* Info.plist */ = {isa = PBXFileReference; lastKnownFileType = text.plist.xml; path = Info.plist; sourceTree = "<group>"; };
		AB3F62D02DD8253300050B11 /* ResultadoView.swift */ = {isa = PBXFileReference; lastKnownFileType = sourcecode.swift; path = ResultadoView.swift; sourceTree = "<group>"; };
/* End PBXFileReference section */

/* Begin PBXFrameworksBuildPhase section */
		AB0A4AD62DD806F00067F535 /* Frameworks */ = {
			isa = PBXFrameworksBuildPhase;
			buildActionMask = 2147483647;
			files = (
			);
			runOnlyForDeploymentPostprocessing = 0;
		};
		AB0A4AE62DD806F10067F535 /* Frameworks */ = {
			isa = PBXFrameworksBuildPhase;
			buildActionMask = 2147483647;
			files = (
			);
			runOnlyForDeploymentPostprocessing = 0;
		};
		AB0A4AF02DD806F10067F535 /* Frameworks */ = {
			isa = PBXFrameworksBuildPhase;
			buildActionMask = 2147483647;
			files = (
			);
			runOnlyForDeploymentPostprocessing = 0;
		};
		AB3F62BB2DD818F100050B11 /* Frameworks */ = {
			isa = PBXFrameworksBuildPhase;
			buildActionMask = 2147483647;
			files = (
				AB3F62C12DD818F100050B11 /* AuthenticationServices.framework in Frameworks */,
			);
			runOnlyForDeploymentPostprocessing = 0;
		};
/* End PBXFrameworksBuildPhase section */

/* Begin PBXGroup section */
		AB0A4AD02DD806F00067F535 = {
			isa = PBXGroup;
			children = (
				AB0A4ADB2DD806F00067F535 /* Examen */,
				AB0A4AEC2DD806F10067F535 /* ExamenTests */,
				AB0A4AF62DD806F10067F535 /* ExamenUITests */,
				AB3F62C22DD818F100050B11 /* m */,
				AB3F62BF2DD818F100050B11 /* Frameworks */,
				AB0A4ADA2DD806F00067F535 /* Products */,
			);
			sourceTree = "<group>";
		};
		AB0A4ADA2DD806F00067F535 /* Products */ = {
			isa = PBXGroup;
			children = (
				AB0A4AD92DD806F00067F535 /* Examen.app */,
				AB0A4AE92DD806F10067F535 /* ExamenTests.xctest */,
				AB0A4AF32DD806F10067F535 /* ExamenUITests.xctest */,
				AB3F62BE2DD818F100050B11 /* m.appex */,
			);
			name = Products;
			sourceTree = "<group>";
		};
		AB0A4ADB2DD806F00067F535 /* Examen */ = {
			isa = PBXGroup;
			children = (
				AB0A4ADC2DD806F00067F535 /* ExamenApp.swift */,
				AB0A4ADE2DD806F00067F535 /* ContentView.swift */,
				AB0A4AE02DD806F10067F535 /* Assets.xcassets */,
				AB0A4AE22DD806F10067F535 /* Preview Content */,
				AB3F62D02DD8253300050B11 /* ResultadoView.swift */,
			);
			path = Examen;
			sourceTree = "<group>";
		};
		AB0A4AE22DD806F10067F535 /* Preview Content */ = {
			isa = PBXGroup;
			children = (
				AB0A4AE32DD806F10067F535 /* Preview Assets.xcassets */,
			);
			path = "Preview Content";
			sourceTree = "<group>";
		};
		AB0A4AEC2DD806F10067F535 /* ExamenTests */ = {
			isa = PBXGroup;
			children = (
				AB0A4AED2DD806F10067F535 /* ExamenTests.swift */,
			);
			path = ExamenTests;
			sourceTree = "<group>";
		};
		AB0A4AF62DD806F10067F535 /* ExamenUITests */ = {
			isa = PBXGroup;
			children = (
				AB0A4AF72DD806F10067F535 /* ExamenUITests.swift */,
				AB0A4AF92DD806F10067F535 /* ExamenUITestsLaunchTests.swift */,
			);
			path = ExamenUITests;
			sourceTree = "<group>";
		};
		AB3F62BF2DD818F100050B11 /* Frameworks */ = {
			isa = PBXGroup;
			children = (
				AB3F62C02DD818F100050B11 /* AuthenticationServices.framework */,
			);
			name = Frameworks;
			sourceTree = "<group>";
		};
		AB3F62C22DD818F100050B11 /* m */ = {
			isa = PBXGroup;
			children = (
				AB3F62C32DD818F100050B11 /* AccountAuthenticationModificationViewController.swift */,
				AB3F62C52DD818F100050B11 /* MainInterface.storyboard */,
				AB3F62C82DD818F100050B11 /* Info.plist */,
			);
			path = m;
			sourceTree = "<group>";
		};
/* End PBXGroup section */

/* Begin PBXNativeTarget section */
		AB0A4AD82DD806F00067F535 /* Examen */ = {
			isa = PBXNativeTarget;
			buildConfigurationList = AB0A4AFD2DD806F10067F535 /* Build configuration list for PBXNativeTarget "Examen" */;
			buildPhases = (
				AB0A4AD52DD806F00067F535 /* Sources */,
				AB0A4AD62DD806F00067F535 /* Frameworks */,
				AB0A4AD72DD806F00067F535 /* Resources */,
				AB3F62CF2DD818F100050B11 /* Embed Foundation Extensions */,
			);
			buildRules = (
			);
			dependencies = (
				AB3F62CA2DD818F100050B11 /* PBXTargetDependency */,
			);
			name = Examen;
			productName = Examen;
			productReference = AB0A4AD92DD806F00067F535 /* Examen.app */;
			productType = "com.apple.product-type.application";
		};
		AB0A4AE82DD806F10067F535 /* ExamenTests */ = {
			isa = PBXNativeTarget;
			buildConfigurationList = AB0A4B002DD806F10067F535 /* Build configuration list for PBXNativeTarget "ExamenTests" */;
			buildPhases = (
				AB0A4AE52DD806F10067F535 /* Sources */,
				AB0A4AE62DD806F10067F535 /* Frameworks */,
				AB0A4AE72DD806F10067F535 /* Resources */,
			);
			buildRules = (
			);
			dependencies = (
				AB0A4AEB2DD806F10067F535 /* PBXTargetDependency */,
			);
			name = ExamenTests;
			productName = ExamenTests;
			productReference = AB0A4AE92DD806F10067F535 /* ExamenTests.xctest */;
			productType = "com.apple.product-type.bundle.unit-test";
		};
		AB0A4AF22DD806F10067F535 /* ExamenUITests */ = {
			isa = PBXNativeTarget;
			buildConfigurationList = AB0A4B032DD806F10067F535 /* Build configuration list for PBXNativeTarget "ExamenUITests" */;
			buildPhases = (
				AB0A4AEF2DD806F10067F535 /* Sources */,
				AB0A4AF02DD806F10067F535 /* Frameworks */,
				AB0A4AF12DD806F10067F535 /* Resources */,
			);
			buildRules = (
			);
			dependencies = (
				AB0A4AF52DD806F10067F535 /* PBXTargetDependency */,
			);
			name = ExamenUITests;
			productName = ExamenUITests;
			productReference = AB0A4AF32DD806F10067F535 /* ExamenUITests.xctest */;
			productType = "com.apple.product-type.bundle.ui-testing";
		};
		AB3F62BD2DD818F100050B11 /* m */ = {
			isa = PBXNativeTarget;
			buildConfigurationList = AB3F62CC2DD818F100050B11 /* Build configuration list for PBXNativeTarget "m" */;
			buildPhases = (
				AB3F62BA2DD818F100050B11 /* Sources */,
				AB3F62BB2DD818F100050B11 /* Frameworks */,
				AB3F62BC2DD818F100050B11 /* Resources */,
			);
			buildRules = (
			);
			dependencies = (
			);
			name = m;
			productName = m;
			productReference = AB3F62BE2DD818F100050B11 /* m.appex */;
			productType = "com.apple.product-type.app-extension";
		};
/* End PBXNativeTarget section */

/* Begin PBXProject section */
		AB0A4AD12DD806F00067F535 /* Project object */ = {
			isa = PBXProject;
			attributes = {
				BuildIndependentTargetsInParallel = 1;
				LastSwiftUpdateCheck = 1540;
				LastUpgradeCheck = 1540;
				TargetAttributes = {
					AB0A4AD82DD806F00067F535 = {
						CreatedOnToolsVersion = 15.4;
					};
					AB0A4AE82DD806F10067F535 = {
						CreatedOnToolsVersion = 15.4;
						TestTargetID = AB0A4AD82DD806F00067F535;
					};
					AB0A4AF22DD806F10067F535 = {
						CreatedOnToolsVersion = 15.4;
						TestTargetID = AB0A4AD82DD806F00067F535;
					};
					AB3F62BD2DD818F100050B11 = {
						CreatedOnToolsVersion = 15.4;
					};
				};
			};
			buildConfigurationList = AB0A4AD42DD806F00067F535 /* Build configuration list for PBXProject "Examen" */;
			compatibilityVersion = "Xcode 14.0";
			developmentRegion = en;
			hasScannedForEncodings = 0;
			knownRegions = (
				en,
				Base,
			);
			mainGroup = AB0A4AD02DD806F00067F535;
			productRefGroup = AB0A4ADA2DD806F00067F535 /* Products */;
			projectDirPath = "";
			projectRoot = "";
			targets = (
				AB0A4AD82DD806F00067F535 /* Examen */,
				AB0A4AE82DD806F10067F535 /* ExamenTests */,
				AB0A4AF22DD806F10067F535 /* ExamenUITests */,
				AB3F62BD2DD818F100050B11 /* m */,
			);
		};
/* End PBXProject section */

/* Begin PBXResourcesBuildPhase section */
		AB0A4AD72DD806F00067F535 /* Resources */ = {
			isa = PBXResourcesBuildPhase;
			buildActionMask = 2147483647;
			files = (
				AB0A4AE42DD806F10067F535 /* Preview Assets.xcassets in Resources */,
				AB0A4AE12DD806F10067F535 /* Assets.xcassets in Resources */,
			);
			runOnlyForDeploymentPostprocessing = 0;
		};
		AB0A4AE72DD806F10067F535 /* Resources */ = {
			isa = PBXResourcesBuildPhase;
			buildActionMask = 2147483647;
			files = (
			);
			runOnlyForDeploymentPostprocessing = 0;
		};
		AB0A4AF12DD806F10067F535 /* Resources */ = {
			isa = PBXResourcesBuildPhase;
			buildActionMask = 2147483647;
			files = (
			);
			runOnlyForDeploymentPostprocessing = 0;
		};
		AB3F62BC2DD818F100050B11 /* Resources */ = {
			isa = PBXResourcesBuildPhase;
			buildActionMask = 2147483647;
			files = (
				AB3F62C72DD818F100050B11 /* Base in Resources */,
			);
			runOnlyForDeploymentPostprocessing = 0;
		};
/* End PBXResourcesBuildPhase section */

/* Begin PBXSourcesBuildPhase section */
		AB0A4AD52DD806F00067F535 /* Sources */ = {
			isa = PBXSourcesBuildPhase;
			buildActionMask = 2147483647;
			files = (
				AB0A4ADF2DD806F00067F535 /* ContentView.swift in Sources */,
				AB0A4ADD2DD806F00067F535 /* ExamenApp.swift in Sources */,
				AB3F62D12DD8253300050B11 /* ResultadoView.swift in Sources */,
			);
			runOnlyForDeploymentPostprocessing = 0;
		};
		AB0A4AE52DD806F10067F535 /* Sources */ = {
			isa = PBXSourcesBuildPhase;
			buildActionMask = 2147483647;
			files = (
				AB0A4AEE2DD806F10067F535 /* ExamenTests.swift in Sources */,
			);
			runOnlyForDeploymentPostprocessing = 0;
		};
		AB0A4AEF2DD806F10067F535 /* Sources */ = {
			isa = PBXSourcesBuildPhase;
			buildActionMask = 2147483647;
			files = (
				AB0A4AFA2DD806F10067F535 /* ExamenUITestsLaunchTests.swift in Sources */,
				AB0A4AF82DD806F10067F535 /* ExamenUITests.swift in Sources */,
			);
			runOnlyForDeploymentPostprocessing = 0;
		};
		AB3F62BA2DD818F100050B11 /* Sources */ = {
			isa = PBXSourcesBuildPhase;
			buildActionMask = 2147483647;
			files = (
				AB3F62C42DD818F100050B11 /* AccountAuthenticationModificationViewController.swift in Sources */,
			);
			runOnlyForDeploymentPostprocessing = 0;
		};
/* End PBXSourcesBuildPhase section */

/* Begin PBXTargetDependency section */
		AB0A4AEB2DD806F10067F535 /* PBXTargetDependency */ = {
			isa = PBXTargetDependency;
			target = AB0A4AD82DD806F00067F535 /* Examen */;
			targetProxy = AB0A4AEA2DD806F10067F535 /* PBXContainerItemProxy */;
		};
		AB0A4AF52DD806F10067F535 /* PBXTargetDependency */ = {
			isa = PBXTargetDependency;
			target = AB0A4AD82DD806F00067F535 /* Examen */;
			targetProxy = AB0A4AF42DD806F10067F535 /* PBXContainerItemProxy */;
		};
		AB3F62CA2DD818F100050B11 /* PBXTargetDependency */ = {
			isa = PBXTargetDependency;
			target = AB3F62BD2DD818F100050B11 /* m */;
			targetProxy = AB3F62C92DD818F100050B11 /* PBXContainerItemProxy */;
		};
/* End PBXTargetDependency section */

/* Begin PBXVariantGroup section */
		AB3F62C52DD818F100050B11 /* MainInterface.storyboard */ = {
			isa = PBXVariantGroup;
			children = (
				AB3F62C62DD818F100050B11 /* Base */,
			);
			name = MainInterface.storyboard;
			sourceTree = "<group>";
		};
/* End PBXVariantGroup section */

/* Begin XCBuildConfiguration section */
		AB0A4AFB2DD806F10067F535 /* Debug */ = {
			isa = XCBuildConfiguration;
			buildSettings = {
				ALWAYS_SEARCH_USER_PATHS = NO;
				ASSETCATALOG_COMPILER_GENERATE_SWIFT_ASSET_SYMBOL_EXTENSIONS = YES;
				CLANG_ANALYZER_NONNULL = YES;
				CLANG_ANALYZER_NUMBER_OBJECT_CONVERSION = YES_AGGRESSIVE;
				CLANG_CXX_LANGUAGE_STANDARD = "gnu++20";
				CLANG_ENABLE_MODULES = YES;
				CLANG_ENABLE_OBJC_ARC = YES;
				CLANG_ENABLE_OBJC_WEAK = YES;
				CLANG_WARN_BLOCK_CAPTURE_AUTORELEASING = YES;
				CLANG_WARN_BOOL_CONVERSION = YES;
				CLANG_WARN_COMMA = YES;
				CLANG_WARN_CONSTANT_CONVERSION = YES;
				CLANG_WARN_DEPRECATED_OBJC_IMPLEMENTATIONS = YES;
				CLANG_WARN_DIRECT_OBJC_ISA_USAGE = YES_ERROR;
				CLANG_WARN_DOCUMENTATION_COMMENTS = YES;
				CLANG_WARN_EMPTY_BODY = YES;
				CLANG_WARN_ENUM_CONVERSION = YES;
				CLANG_WARN_INFINITE_RECURSION = YES;
				CLANG_WARN_INT_CONVERSION = YES;
				CLANG_WARN_NON_LITERAL_NULL_CONVERSION = YES;
				CLANG_WARN_OBJC_IMPLICIT_RETAIN_SELF = YES;
				CLANG_WARN_OBJC_LITERAL_CONVERSION = YES;
				CLANG_WARN_OBJC_ROOT_CLASS = YES_ERROR;
				CLANG_WARN_QUOTED_INCLUDE_IN_FRAMEWORK_HEADER = YES;
				CLANG_WARN_RANGE_LOOP_ANALYSIS = YES;
				CLANG_WARN_STRICT_PROTOTYPES = YES;
				CLANG_WARN_SUSPICIOUS_MOVE = YES;
				CLANG_WARN_UNGUARDED_AVAILABILITY = YES_AGGRESSIVE;
				CLANG_WARN_UNREACHABLE_CODE = YES;
				CLANG_WARN__DUPLICATE_METHOD_MATCH = YES;
				COPY_PHASE_STRIP = NO;
				DEBUG_INFORMATION_FORMAT = dwarf;
				ENABLE_STRICT_OBJC_MSGSEND = YES;
				ENABLE_TESTABILITY = YES;
				ENABLE_USER_SCRIPT_SANDBOXING = YES;
				GCC_C_LANGUAGE_STANDARD = gnu17;
				GCC_DYNAMIC_NO_PIC = NO;
				GCC_NO_COMMON_BLOCKS = YES;
				GCC_OPTIMIZATION_LEVEL = 0;
				GCC_PREPROCESSOR_DEFINITIONS = (
					"DEBUG=1",
					"$(inherited)",
				);
				GCC_WARN_64_TO_32_BIT_CONVERSION = YES;
				GCC_WARN_ABOUT_RETURN_TYPE = YES_ERROR;
				GCC_WARN_UNDECLARED_SELECTOR = YES;
				GCC_WARN_UNINITIALIZED_AUTOS = YES_AGGRESSIVE;
				GCC_WARN_UNUSED_FUNCTION = YES;
				GCC_WARN_UNUSED_VARIABLE = YES;
				IPHONEOS_DEPLOYMENT_TARGET = 17.5;
				LOCALIZATION_PREFERS_STRING_CATALOGS = YES;
				MTL_ENABLE_DEBUG_INFO = INCLUDE_SOURCE;
				MTL_FAST_MATH = YES;
				ONLY_ACTIVE_ARCH = YES;
				SDKROOT = iphoneos;
				SWIFT_ACTIVE_COMPILATION_CONDITIONS = "DEBUG $(inherited)";
				SWIFT_OPTIMIZATION_LEVEL = "-Onone";
			};
			name = Debug;
		};
		AB0A4AFC2DD806F10067F535 /* Release */ = {
			isa = XCBuildConfiguration;
			buildSettings = {
				ALWAYS_SEARCH_USER_PATHS = NO;
				ASSETCATALOG_COMPILER_GENERATE_SWIFT_ASSET_SYMBOL_EXTENSIONS = YES;
				CLANG_ANALYZER_NONNULL = YES;
				CLANG_ANALYZER_NUMBER_OBJECT_CONVERSION = YES_AGGRESSIVE;
				CLANG_CXX_LANGUAGE_STANDARD = "gnu++20";
				CLANG_ENABLE_MODULES = YES;
				CLANG_ENABLE_OBJC_ARC = YES;
				CLANG_ENABLE_OBJC_WEAK = YES;
				CLANG_WARN_BLOCK_CAPTURE_AUTORELEASING = YES;
				CLANG_WARN_BOOL_CONVERSION = YES;
				CLANG_WARN_COMMA = YES;
				CLANG_WARN_CONSTANT_CONVERSION = YES;
				CLANG_WARN_DEPRECATED_OBJC_IMPLEMENTATIONS = YES;
				CLANG_WARN_DIRECT_OBJC_ISA_USAGE = YES_ERROR;
				CLANG_WARN_DOCUMENTATION_COMMENTS = YES;
				CLANG_WARN_EMPTY_BODY = YES;
				CLANG_WARN_ENUM_CONVERSION = YES;
				CLANG_WARN_INFINITE_RECURSION = YES;
				CLANG_WARN_INT_CONVERSION = YES;
				CLANG_WARN_NON_LITERAL_NULL_CONVERSION = YES;
				CLANG_WARN_OBJC_IMPLICIT_RETAIN_SELF = YES;
				CLANG_WARN_OBJC_LITERAL_CONVERSION = YES;
				CLANG_WARN_OBJC_ROOT_CLASS = YES_ERROR;
				CLANG_WARN_QUOTED_INCLUDE_IN_FRAMEWORK_HEADER = YES;
				CLANG_WARN_RANGE_LOOP_ANALYSIS = YES;
				CLANG_WARN_STRICT_PROTOTYPES = YES;
				CLANG_WARN_SUSPICIOUS_MOVE = YES;
				CLANG_WARN_UNGUARDED_AVAILABILITY = YES_AGGRESSIVE;
				CLANG_WARN_UNREACHABLE_CODE = YES;
				CLANG_WARN__DUPLICATE_METHOD_MATCH = YES;
				COPY_PHASE_STRIP = NO;
				DEBUG_INFORMATION_FORMAT = "dwarf-with-dsym";
				ENABLE_NS_ASSERTIONS = NO;
				ENABLE_STRICT_OBJC_MSGSEND = YES;
				ENABLE_USER_SCRIPT_SANDBOXING = YES;
				GCC_C_LANGUAGE_STANDARD = gnu17;
				GCC_NO_COMMON_BLOCKS = YES;
				GCC_WARN_64_TO_32_BIT_CONVERSION = YES;
				GCC_WARN_ABOUT_RETURN_TYPE = YES_ERROR;
				GCC_WARN_UNDECLARED_SELECTOR = YES;
				GCC_WARN_UNINITIALIZED_AUTOS = YES_AGGRESSIVE;
				GCC_WARN_UNUSED_FUNCTION = YES;
				GCC_WARN_UNUSED_VARIABLE = YES;
				IPHONEOS_DEPLOYMENT_TARGET = 17.5;
				LOCALIZATION_PREFERS_STRING_CATALOGS = YES;
				MTL_ENABLE_DEBUG_INFO = NO;
				MTL_FAST_MATH = YES;
				SDKROOT = iphoneos;
				SWIFT_COMPILATION_MODE = wholemodule;
				VALIDATE_PRODUCT = YES;
			};
			name = Release;
		};
		AB0A4AFE2DD806F10067F535 /* Debug */ = {
			isa = XCBuildConfiguration;
			buildSettings = {
				ALWAYS_EMBED_SWIFT_STANDARD_LIBRARIES = YES;
				ASSETCATALOG_COMPILER_APPICON_NAME = AppIcon;
				ASSETCATALOG_COMPILER_GLOBAL_ACCENT_COLOR_NAME = AccentColor;
				CODE_SIGN_STYLE = Automatic;
				CURRENT_PROJECT_VERSION = 1;
				DEVELOPMENT_ASSET_PATHS = "\"Examen/Preview Content\"";
				DEVELOPMENT_TEAM = 27WP582F54;
				ENABLE_PREVIEWS = YES;
				GENERATE_INFOPLIST_FILE = YES;
				INFOPLIST_KEY_UIApplicationSceneManifest_Generation = YES;
				INFOPLIST_KEY_UIApplicationSupportsIndirectInputEvents = YES;
				INFOPLIST_KEY_UILaunchScreen_Generation = YES;
				INFOPLIST_KEY_UISupportedInterfaceOrientations_iPad = "UIInterfaceOrientationPortrait UIInterfaceOrientationPortraitUpsideDown UIInterfaceOrientationLandscapeLeft UIInterfaceOrientationLandscapeRight";
				INFOPLIST_KEY_UISupportedInterfaceOrientations_iPhone = "UIInterfaceOrientationPortrait UIInterfaceOrientationLandscapeLeft UIInterfaceOrientationLandscapeRight";
				LD_RUNPATH_SEARCH_PATHS = (
					"$(inherited)",
					"@executable_path/Frameworks",
				);
				MARKETING_VERSION = 1.0;
				PRODUCT_BUNDLE_IDENTIFIER = Exam.Examen;
				PRODUCT_NAME = "$(TARGET_NAME)";
				SWIFT_EMIT_LOC_STRINGS = YES;
				SWIFT_VERSION = 5.0;
				TARGETED_DEVICE_FAMILY = "1,2";
			};
			name = Debug;
		};
		AB0A4AFF2DD806F10067F535 /* Release */ = {
			isa = XCBuildConfiguration;
			buildSettings = {
				ALWAYS_EMBED_SWIFT_STANDARD_LIBRARIES = YES;
				ASSETCATALOG_COMPILER_APPICON_NAME = AppIcon;
				ASSETCATALOG_COMPILER_GLOBAL_ACCENT_COLOR_NAME = AccentColor;
				CODE_SIGN_STYLE = Automatic;
				CURRENT_PROJECT_VERSION = 1;
				DEVELOPMENT_ASSET_PATHS = "\"Examen/Preview Content\"";
				DEVELOPMENT_TEAM = 27WP582F54;
				ENABLE_PREVIEWS = YES;
				GENERATE_INFOPLIST_FILE = YES;
				INFOPLIST_KEY_UIApplicationSceneManifest_Generation = YES;
				INFOPLIST_KEY_UIApplicationSupportsIndirectInputEvents = YES;
				INFOPLIST_KEY_UILaunchScreen_Generation = YES;
				INFOPLIST_KEY_UISupportedInterfaceOrientations_iPad = "UIInterfaceOrientationPortrait UIInterfaceOrientationPortraitUpsideDown UIInterfaceOrientationLandscapeLeft UIInterfaceOrientationLandscapeRight";
				INFOPLIST_KEY_UISupportedInterfaceOrientations_iPhone = "UIInterfaceOrientationPortrait UIInterfaceOrientationLandscapeLeft UIInterfaceOrientationLandscapeRight";
				LD_RUNPATH_SEARCH_PATHS = (
					"$(inherited)",
					"@executable_path/Frameworks",
				);
				MARKETING_VERSION = 1.0;
				PRODUCT_BUNDLE_IDENTIFIER = Exam.Examen;
				PRODUCT_NAME = "$(TARGET_NAME)";
				SWIFT_EMIT_LOC_STRINGS = YES;
				SWIFT_VERSION = 5.0;
				TARGETED_DEVICE_FAMILY = "1,2";
			};
			name = Release;
		};
		AB0A4B012DD806F10067F535 /* Debug */ = {
			isa = XCBuildConfiguration;
			buildSettings = {
				ALWAYS_EMBED_SWIFT_STANDARD_LIBRARIES = YES;
				BUNDLE_LOADER = "$(TEST_HOST)";
				CODE_SIGN_STYLE = Automatic;
				CURRENT_PROJECT_VERSION = 1;
				GENERATE_INFOPLIST_FILE = YES;
				IPHONEOS_DEPLOYMENT_TARGET = 17.5;
				MARKETING_VERSION = 1.0;
				PRODUCT_BUNDLE_IDENTIFIER = Exam.ExamenTests;
				PRODUCT_NAME = "$(TARGET_NAME)";
				SWIFT_EMIT_LOC_STRINGS = NO;
				SWIFT_VERSION = 5.0;
				TARGETED_DEVICE_FAMILY = "1,2";
				TEST_HOST = "$(BUILT_PRODUCTS_DIR)/Examen.app/$(BUNDLE_EXECUTABLE_FOLDER_PATH)/Examen";
			};
			name = Debug;
		};
		AB0A4B022DD806F10067F535 /* Release */ = {
			isa = XCBuildConfiguration;
			buildSettings = {
				ALWAYS_EMBED_SWIFT_STANDARD_LIBRARIES = YES;
				BUNDLE_LOADER = "$(TEST_HOST)";
				CODE_SIGN_STYLE = Automatic;
				CURRENT_PROJECT_VERSION = 1;
				GENERATE_INFOPLIST_FILE = YES;
				IPHONEOS_DEPLOYMENT_TARGET = 17.5;
				MARKETING_VERSION = 1.0;
				PRODUCT_BUNDLE_IDENTIFIER = Exam.ExamenTests;
				PRODUCT_NAME = "$(TARGET_NAME)";
				SWIFT_EMIT_LOC_STRINGS = NO;
				SWIFT_VERSION = 5.0;
				TARGETED_DEVICE_FAMILY = "1,2";
				TEST_HOST = "$(BUILT_PRODUCTS_DIR)/Examen.app/$(BUNDLE_EXECUTABLE_FOLDER_PATH)/Examen";
			};
			name = Release;
		};
		AB0A4B042DD806F10067F535 /* Debug */ = {
			isa = XCBuildConfiguration;
			buildSettings = {
				ALWAYS_EMBED_SWIFT_STANDARD_LIBRARIES = YES;
				"CODE_SIGN_IDENTITY[sdk=macosx*]" = "Apple Development";
				CODE_SIGN_STYLE = Automatic;
				CURRENT_PROJECT_VERSION = 1;
				GENERATE_INFOPLIST_FILE = YES;
				MARKETING_VERSION = 1.0;
				PRODUCT_BUNDLE_IDENTIFIER = Exam.ExamenUITests;
				PRODUCT_NAME = "$(TARGET_NAME)";
				SWIFT_EMIT_LOC_STRINGS = NO;
				SWIFT_VERSION = 5.0;
				TARGETED_DEVICE_FAMILY = "1,2";
				TEST_TARGET_NAME = Examen;
			};
			name = Debug;
		};
		AB0A4B052DD806F10067F535 /* Release */ = {
			isa = XCBuildConfiguration;
			buildSettings = {
				ALWAYS_EMBED_SWIFT_STANDARD_LIBRARIES = YES;
				"CODE_SIGN_IDENTITY[sdk=macosx*]" = "Apple Development";
				CODE_SIGN_STYLE = Automatic;
				CURRENT_PROJECT_VERSION = 1;
				GENERATE_INFOPLIST_FILE = YES;
				MARKETING_VERSION = 1.0;
				PRODUCT_BUNDLE_IDENTIFIER = Exam.ExamenUITests;
				PRODUCT_NAME = "$(TARGET_NAME)";
				SWIFT_EMIT_LOC_STRINGS = NO;
				SWIFT_VERSION = 5.0;
				TARGETED_DEVICE_FAMILY = "1,2";
				TEST_TARGET_NAME = Examen;
			};
			name = Release;
		};
		AB3F62CD2DD818F100050B11 /* Debug */ = {
			isa = XCBuildConfiguration;
			buildSettings = {
				CODE_SIGN_IDENTITY = "Apple Development";
				CODE_SIGN_STYLE = Automatic;
				CURRENT_PROJECT_VERSION = 1;
				DEVELOPMENT_TEAM = 27WP582F54;
				GENERATE_INFOPLIST_FILE = YES;
				INFOPLIST_FILE = m/Info.plist;
				INFOPLIST_KEY_CFBundleDisplayName = m;
				INFOPLIST_KEY_NSHumanReadableCopyright = "";
				LD_RUNPATH_SEARCH_PATHS = (
					"$(inherited)",
					"@executable_path/Frameworks",
					"@executable_path/../../Frameworks",
				);
				MARKETING_VERSION = 1.0;
				PRODUCT_BUNDLE_IDENTIFIER = Exam.Examen.m;
				PRODUCT_NAME = "$(TARGET_NAME)";
				PROVISIONING_PROFILE_SPECIFIER = "";
				SKIP_INSTALL = YES;
				SWIFT_EMIT_LOC_STRINGS = YES;
				SWIFT_VERSION = 5.0;
				TARGETED_DEVICE_FAMILY = "1,2";
			};
			name = Debug;
		};
		AB3F62CE2DD818F100050B11 /* Release */ = {
			isa = XCBuildConfiguration;
			buildSettings = {
				CODE_SIGN_IDENTITY = "Apple Development";
				CODE_SIGN_STYLE = Automatic;
				CURRENT_PROJECT_VERSION = 1;
				DEVELOPMENT_TEAM = 27WP582F54;
				GENERATE_INFOPLIST_FILE = YES;
				INFOPLIST_FILE = m/Info.plist;
				INFOPLIST_KEY_CFBundleDisplayName = m;
				INFOPLIST_KEY_NSHumanReadableCopyright = "";
				LD_RUNPATH_SEARCH_PATHS = (
					"$(inherited)",
					"@executable_path/Frameworks",
					"@executable_path/../../Frameworks",
				);
				MARKETING_VERSION = 1.0;
				PRODUCT_BUNDLE_IDENTIFIER = Exam.Examen.m;
				PRODUCT_NAME = "$(TARGET_NAME)";
				PROVISIONING_PROFILE_SPECIFIER = "";
				SKIP_INSTALL = YES;
				SWIFT_EMIT_LOC_STRINGS = YES;
				SWIFT_VERSION = 5.0;
				TARGETED_DEVICE_FAMILY = "1,2";
			};
			name = Release;
		};
/* End XCBuildConfiguration section */

/* Begin XCConfigurationList section */
		AB0A4AD42DD806F00067F535 /* Build configuration list for PBXProject "Examen" */ = {
			isa = XCConfigurationList;
			buildConfigurations = (
				AB0A4AFB2DD806F10067F535 /* Debug */,
				AB0A4AFC2DD806F10067F535 /* Release */,
			);
			defaultConfigurationIsVisible = 0;
			defaultConfigurationName = Release;
		};
		AB0A4AFD2DD806F10067F535 /* Build configuration list for PBXNativeTarget "Examen" */ = {
			isa = XCConfigurationList;
			buildConfigurations = (
				AB0A4AFE2DD806F10067F535 /* Debug */,
				AB0A4AFF2DD806F10067F535 /* Release */,
			);
			defaultConfigurationIsVisible = 0;
			defaultConfigurationName = Release;
		};
		AB0A4B002DD806F10067F535 /* Build configuration list for PBXNativeTarget "ExamenTests" */ = {
			isa = XCConfigurationList;
			buildConfigurations = (
				AB0A4B012DD806F10067F535 /* Debug */,
				AB0A4B022DD806F10067F535 /* Release */,
			);
			defaultConfigurationIsVisible = 0;
			defaultConfigurationName = Release;
		};
		AB0A4B032DD806F10067F535 /* Build configuration list for PBXNativeTarget "ExamenUITests" */ = {
			isa = XCConfigurationList;
			buildConfigurations = (
				AB0A4B042DD806F10067F535 /* Debug */,
				AB0A4B052DD806F10067F535 /* Release */,
			);
			defaultConfigurationIsVisible = 0;
			defaultConfigurationName = Release;
		};
		AB3F62CC2DD818F100050B11 /* Build configuration list for PBXNativeTarget "m" */ = {
			isa = XCConfigurationList;
			buildConfigurations = (
				AB3F62CD2DD818F100050B11 /* Debug */,
				AB3F62CE2DD818F100050B11 /* Release */,
			);
			defaultConfigurationIsVisible = 0;
			defaultConfigurationName = Release;
		};
/* End XCConfigurationList section */
	};
	rootObject = AB0A4AD12DD806F00067F535 /* Project object */;
}
